// !$*UTF8*$!
{
	archiveVersion = 1;
	classes = {
	};
	objectVersion = 56;
	objects = {

/* Begin PBXBuildFile section */
		7DB28C41297E93A8004883AE /* Utils.swift in Sources */ = {isa = PBXBuildFile; fileRef = 7DB28C40297E93A8004883AE /* Utils.swift */; };
		7DE23EC3297D5EE100355F01 /* ExpensesRealmApp.swift in Sources */ = {isa = PBXBuildFile; fileRef = 7DE23EC2297D5EE100355F01 /* ExpensesRealmApp.swift */; };
		7DE23EC5297D5EE100355F01 /* ContentView.swift in Sources */ = {isa = PBXBuildFile; fileRef = 7DE23EC4297D5EE100355F01 /* ContentView.swift */; };
		7DE23EC7297D5EE400355F01 /* Assets.xcassets in Resources */ = {isa = PBXBuildFile; fileRef = 7DE23EC6297D5EE400355F01 /* Assets.xcassets */; };
		7DE23ECA297D5EE400355F01 /* Preview Assets.xcassets in Resources */ = {isa = PBXBuildFile; fileRef = 7DE23EC9297D5EE400355F01 /* Preview Assets.xcassets */; };
		7DE23ED1297D5EF200355F01 /* Table.swift in Sources */ = {isa = PBXBuildFile; fileRef = 7DE23ED0297D5EF200355F01 /* Table.swift */; };
		7DE23ED5297D5F5D00355F01 /* Realm in Frameworks */ = {isa = PBXBuildFile; productRef = 7DE23ED4297D5F5D00355F01 /* Realm */; };
		7DE23ED7297D5F5D00355F01 /* RealmSwift in Frameworks */ = {isa = PBXBuildFile; productRef = 7DE23ED6297D5F5D00355F01 /* RealmSwift */; };
		7DE23ED9297D607300355F01 /* RealmManager.swift in Sources */ = {isa = PBXBuildFile; fileRef = 7DE23ED8297D607300355F01 /* RealmManager.swift */; };
		7DE23EDC297D62E000355F01 /* TablesView.swift in Sources */ = {isa = PBXBuildFile; fileRef = 7DE23EDB297D62E000355F01 /* TablesView.swift */; };
		7DE23EDF297D6DC300355F01 /* AddTableButton.swift in Sources */ = {isa = PBXBuildFile; fileRef = 7DE23EDE297D6DC300355F01 /* AddTableButton.swift */; };
		7DE23EE1297D886600355F01 /* ExpensesView.swift in Sources */ = {isa = PBXBuildFile; fileRef = 7DE23EE0297D886600355F01 /* ExpensesView.swift */; };
		7DE23EE3297D88F200355F01 /* Expense.swift in Sources */ = {isa = PBXBuildFile; fileRef = 7DE23EE2297D88F200355F01 /* Expense.swift */; };
/* End PBXBuildFile section */

/* Begin PBXFileReference section */
		7DB28C40297E93A8004883AE /* Utils.swift */ = {isa = PBXFileReference; lastKnownFileType = sourcecode.swift; path = Utils.swift; sourceTree = "<group>"; };
		7DE23EBF297D5EE100355F01 /* ExpensesRealm.app */ = {isa = PBXFileReference; explicitFileType = wrapper.application; includeInIndex = 0; path = ExpensesRealm.app; sourceTree = BUILT_PRODUCTS_DIR; };
		7DE23EC2297D5EE100355F01 /* ExpensesRealmApp.swift */ = {isa = PBXFileReference; lastKnownFileType = sourcecode.swift; path = ExpensesRealmApp.swift; sourceTree = "<group>"; };
		7DE23EC4297D5EE100355F01 /* ContentView.swift */ = {isa = PBXFileReference; lastKnownFileType = sourcecode.swift; path = ContentView.swift; sourceTree = "<group>"; };
		7DE23EC6297D5EE400355F01 /* Assets.xcassets */ = {isa = PBXFileReference; lastKnownFileType = folder.assetcatalog; path = Assets.xcassets; sourceTree = "<group>"; };
		7DE23EC9297D5EE400355F01 /* Preview Assets.xcassets */ = {isa = PBXFileReference; lastKnownFileType = folder.assetcatalog; path = "Preview Assets.xcassets"; sourceTree = "<group>"; };
		7DE23ED0297D5EF200355F01 /* Table.swift */ = {isa = PBXFileReference; lastKnownFileType = sourcecode.swift; path = Table.swift; sourceTree = "<group>"; };
		7DE23ED8297D607300355F01 /* RealmManager.swift */ = {isa = PBXFileReference; lastKnownFileType = sourcecode.swift; path = RealmManager.swift; sourceTree = "<group>"; };
		7DE23EDB297D62E000355F01 /* TablesView.swift */ = {isa = PBXFileReference; lastKnownFileType = sourcecode.swift; path = TablesView.swift; sourceTree = "<group>"; };
		7DE23EDE297D6DC300355F01 /* AddTableButton.swift */ = {isa = PBXFileReference; lastKnownFileType = sourcecode.swift; path = AddTableButton.swift; sourceTree = "<group>"; };
		7DE23EE0297D886600355F01 /* ExpensesView.swift */ = {isa = PBXFileReference; lastKnownFileType = sourcecode.swift; path = ExpensesView.swift; sourceTree = "<group>"; };
		7DE23EE2297D88F200355F01 /* Expense.swift */ = {isa = PBXFileReference; lastKnownFileType = sourcecode.swift; path = Expense.swift; sourceTree = "<group>"; };
/* End PBXFileReference section */

/* Begin PBXFrameworksBuildPhase section */
		7DE23EBC297D5EE100355F01 /* Frameworks */ = {
			isa = PBXFrameworksBuildPhase;
			buildActionMask = 2147483647;
			files = (
				7DE23ED7297D5F5D00355F01 /* RealmSwift in Frameworks */,
				7DE23ED5297D5F5D00355F01 /* Realm in Frameworks */,
			);
			runOnlyForDeploymentPostprocessing = 0;
		};
/* End PBXFrameworksBuildPhase section */

/* Begin PBXGroup section */
		7DE23EB6297D5EE100355F01 = {
			isa = PBXGroup;
			children = (
				7DE23EC1297D5EE100355F01 /* ExpensesRealm */,
				7DE23EC0297D5EE100355F01 /* Products */,
			);
			sourceTree = "<group>";
		};
		7DE23EC0297D5EE100355F01 /* Products */ = {
			isa = PBXGroup;
			children = (
				7DE23EBF297D5EE100355F01 /* ExpensesRealm.app */,
			);
			name = Products;
			sourceTree = "<group>";
		};
		7DE23EC1297D5EE100355F01 /* ExpensesRealm */ = {
			isa = PBXGroup;
			children = (
				7DE23EDD297D6DA800355F01 /* Components */,
				7DE23EDA297D62BA00355F01 /* Views */,
				7DE23ED2297D5EF800355F01 /* Models */,
				7DE23EC2297D5EE100355F01 /* ExpensesRealmApp.swift */,
				7DE23ED8297D607300355F01 /* RealmManager.swift */,
				7DB28C40297E93A8004883AE /* Utils.swift */,
				7DE23EC6297D5EE400355F01 /* Assets.xcassets */,
				7DE23EC8297D5EE400355F01 /* Preview Content */,
			);
			path = ExpensesRealm;
			sourceTree = "<group>";
		};
		7DE23EC8297D5EE400355F01 /* Preview Content */ = {
			isa = PBXGroup;
			children = (
				7DE23EC9297D5EE400355F01 /* Preview Assets.xcassets */,
			);
			path = "Preview Content";
			sourceTree = "<group>";
		};
		7DE23ED2297D5EF800355F01 /* Models */ = {
			isa = PBXGroup;
			children = (
				7DE23ED0297D5EF200355F01 /* Table.swift */,
				7DE23EE2297D88F200355F01 /* Expense.swift */,
			);
			path = Models;
			sourceTree = "<group>";
		};
		7DE23EDA297D62BA00355F01 /* Views */ = {
			isa = PBXGroup;
			children = (
				7DE23EC4297D5EE100355F01 /* ContentView.swift */,
				7DE23EDB297D62E000355F01 /* TablesView.swift */,
				7DE23EE0297D886600355F01 /* ExpensesView.swift */,
			);
			path = Views;
			sourceTree = "<group>";
		};
		7DE23EDD297D6DA800355F01 /* Components */ = {
			isa = PBXGroup;
			children = (
				7DE23EDE297D6DC300355F01 /* AddTableButton.swift */,
			);
			path = Components;
			sourceTree = "<group>";
		};
/* End PBXGroup section */

/* Begin PBXNativeTarget section */
		7DE23EBE297D5EE100355F01 /* ExpensesRealm */ = {
			isa = PBXNativeTarget;
			buildConfigurationList = 7DE23ECD297D5EE400355F01 /* Build configuration list for PBXNativeTarget "ExpensesRealm" */;
			buildPhases = (
				7DE23EBB297D5EE100355F01 /* Sources */,
				7DE23EBC297D5EE100355F01 /* Frameworks */,
				7DE23EBD297D5EE100355F01 /* Resources */,
			);
			buildRules = (
			);
			dependencies = (
			);
			name = ExpensesRealm;
			packageProductDependencies = (
				7DE23ED4297D5F5D00355F01 /* Realm */,
				7DE23ED6297D5F5D00355F01 /* RealmSwift */,
			);
			productName = ExpensesRealm;
			productReference = 7DE23EBF297D5EE100355F01 /* ExpensesRealm.app */;
			productType = "com.apple.product-type.application";
		};
/* End PBXNativeTarget section */

/* Begin PBXProject section */
		7DE23EB7297D5EE100355F01 /* Project object */ = {
			isa = PBXProject;
			attributes = {
				BuildIndependentTargetsInParallel = 1;
				LastSwiftUpdateCheck = 1420;
				LastUpgradeCheck = 1420;
				TargetAttributes = {
					7DE23EBE297D5EE100355F01 = {
						CreatedOnToolsVersion = 14.2;
					};
				};
			};
			buildConfigurationList = 7DE23EBA297D5EE100355F01 /* Build configuration list for PBXProject "ExpensesRealm" */;
			compatibilityVersion = "Xcode 14.0";
			developmentRegion = en;
			hasScannedForEncodings = 0;
			knownRegions = (
				en,
				Base,
			);
			mainGroup = 7DE23EB6297D5EE100355F01;
			packageReferences = (
				7DE23ED3297D5F5D00355F01 /* XCRemoteSwiftPackageReference "realm-swift" */,
			);
			productRefGroup = 7DE23EC0297D5EE100355F01 /* Products */;
			projectDirPath = "";
			projectRoot = "";
			targets = (
				7DE23EBE297D5EE100355F01 /* ExpensesRealm */,
			);
		};
/* End PBXProject section */

/* Begin PBXResourcesBuildPhase section */
		7DE23EBD297D5EE100355F01 /* Resources */ = {
			isa = PBXResourcesBuildPhase;
			buildActionMask = 2147483647;
			files = (
				7DE23ECA297D5EE400355F01 /* Preview Assets.xcassets in Resources */,
				7DE23EC7297D5EE400355F01 /* Assets.xcassets in Resources */,
			);
			runOnlyForDeploymentPostprocessing = 0;
		};
/* End PBXResourcesBuildPhase section */

/* Begin PBXSourcesBuildPhase section */
		7DE23EBB297D5EE100355F01 /* Sources */ = {
			isa = PBXSourcesBuildPhase;
			buildActionMask = 2147483647;
			files = (
				7DE23EE3297D88F200355F01 /* Expense.swift in Sources */,
				7DE23EDF297D6DC300355F01 /* AddTableButton.swift in Sources */,
				7DB28C41297E93A8004883AE /* Utils.swift in Sources */,
				7DE23ED1297D5EF200355F01 /* Table.swift in Sources */,
				7DE23ED9297D607300355F01 /* RealmManager.swift in Sources */,
				7DE23EE1297D886600355F01 /* ExpensesView.swift in Sources */,
				7DE23EC5297D5EE100355F01 /* ContentView.swift in Sources */,
				7DE23EDC297D62E000355F01 /* TablesView.swift in Sources */,
				7DE23EC3297D5EE100355F01 /* ExpensesRealmApp.swift in Sources */,
			);
			runOnlyForDeploymentPostprocessing = 0;
		};
/* End PBXSourcesBuildPhase section */

/* Begin XCBuildConfiguration section */
		7DE23ECB297D5EE400355F01 /* Debug */ = {
			isa = XCBuildConfiguration;
			buildSettings = {
				ALWAYS_SEARCH_USER_PATHS = NO;
				CLANG_ANALYZER_NONNULL = YES;
				CLANG_ANALYZER_NUMBER_OBJECT_CONVERSION = YES_AGGRESSIVE;
				CLANG_CXX_LANGUAGE_STANDARD = "gnu++20";
				CLANG_ENABLE_MODULES = YES;
				CLANG_ENABLE_OBJC_ARC = YES;
				CLANG_ENABLE_OBJC_WEAK = YES;
				CLANG_WARN_BLOCK_CAPTURE_AUTORELEASING = YES;
				CLANG_WARN_BOOL_CONVERSION = YES;
				CLANG_WARN_COMMA = YES;
				CLANG_WARN_CONSTANT_CONVERSION = YES;
				CLANG_WARN_DEPRECATED_OBJC_IMPLEMENTATIONS = YES;
				CLANG_WARN_DIRECT_OBJC_ISA_USAGE = YES_ERROR;
				CLANG_WARN_DOCUMENTATION_COMMENTS = YES;
				CLANG_WARN_EMPTY_BODY = YES;
				CLANG_WARN_ENUM_CONVERSION = YES;
				CLANG_WARN_INFINITE_RECURSION = YES;
				CLANG_WARN_INT_CONVERSION = YES;
				CLANG_WARN_NON_LITERAL_NULL_CONVERSION = YES;
				CLANG_WARN_OBJC_IMPLICIT_RETAIN_SELF = YES;
				CLANG_WARN_OBJC_LITERAL_CONVERSION = YES;
				CLANG_WARN_OBJC_ROOT_CLASS = YES_ERROR;
				CLANG_WARN_QUOTED_INCLUDE_IN_FRAMEWORK_HEADER = YES;
				CLANG_WARN_RANGE_LOOP_ANALYSIS = YES;
				CLANG_WARN_STRICT_PROTOTYPES = YES;
				CLANG_WARN_SUSPICIOUS_MOVE = YES;
				CLANG_WARN_UNGUARDED_AVAILABILITY = YES_AGGRESSIVE;
				CLANG_WARN_UNREACHABLE_CODE = YES;
				CLANG_WARN__DUPLICATE_METHOD_MATCH = YES;
				COPY_PHASE_STRIP = NO;
				DEBUG_INFORMATION_FORMAT = dwarf;
				ENABLE_STRICT_OBJC_MSGSEND = YES;
				ENABLE_TESTABILITY = YES;
				GCC_C_LANGUAGE_STANDARD = gnu11;
				GCC_DYNAMIC_NO_PIC = NO;
				GCC_NO_COMMON_BLOCKS = YES;
				GCC_OPTIMIZATION_LEVEL = 0;
				GCC_PREPROCESSOR_DEFINITIONS = (
					"DEBUG=1",
					"$(inherited)",
				);
				GCC_WARN_64_TO_32_BIT_CONVERSION = YES;
				GCC_WARN_ABOUT_RETURN_TYPE = YES_ERROR;
				GCC_WARN_UNDECLARED_SELECTOR = YES;
				GCC_WARN_UNINITIALIZED_AUTOS = YES_AGGRESSIVE;
				GCC_WARN_UNUSED_FUNCTION = YES;
				GCC_WARN_UNUSED_VARIABLE = YES;
				IPHONEOS_DEPLOYMENT_TARGET = 16.2;
				MTL_ENABLE_DEBUG_INFO = INCLUDE_SOURCE;
				MTL_FAST_MATH = YES;
				ONLY_ACTIVE_ARCH = YES;
				SDKROOT = iphoneos;
				SWIFT_ACTIVE_COMPILATION_CONDITIONS = DEBUG;
				SWIFT_OPTIMIZATION_LEVEL = "-Onone";
			};
			name = Debug;
		};
		7DE23ECC297D5EE400355F01 /* Release */ = {
			isa = XCBuildConfiguration;
			buildSettings = {
				ALWAYS_SEARCH_USER_PATHS = NO;
				CLANG_ANALYZER_NONNULL = YES;
				CLANG_ANALYZER_NUMBER_OBJECT_CONVERSION = YES_AGGRESSIVE;
				CLANG_CXX_LANGUAGE_STANDARD = "gnu++20";
				CLANG_ENABLE_MODULES = YES;
				CLANG_ENABLE_OBJC_ARC = YES;
				CLANG_ENABLE_OBJC_WEAK = YES;
				CLANG_WARN_BLOCK_CAPTURE_AUTORELEASING = YES;
				CLANG_WARN_BOOL_CONVERSION = YES;
				CLANG_WARN_COMMA = YES;
				CLANG_WARN_CONSTANT_CONVERSION = YES;
				CLANG_WARN_DEPRECATED_OBJC_IMPLEMENTATIONS = YES;
				CLANG_WARN_DIRECT_OBJC_ISA_USAGE = YES_ERROR;
				CLANG_WARN_DOCUMENTATION_COMMENTS = YES;
				CLANG_WARN_EMPTY_BODY = YES;
				CLANG_WARN_ENUM_CONVERSION = YES;
				CLANG_WARN_INFINITE_RECURSION = YES;
				CLANG_WARN_INT_CONVERSION = YES;
				CLANG_WARN_NON_LITERAL_NULL_CONVERSION = YES;
				CLANG_WARN_OBJC_IMPLICIT_RETAIN_SELF = YES;
				CLANG_WARN_OBJC_LITERAL_CONVERSION = YES;
				CLANG_WARN_OBJC_ROOT_CLASS = YES_ERROR;
				CLANG_WARN_QUOTED_INCLUDE_IN_FRAMEWORK_HEADER = YES;
				CLANG_WARN_RANGE_LOOP_ANALYSIS = YES;
				CLANG_WARN_STRICT_PROTOTYPES = YES;
				CLANG_WARN_SUSPICIOUS_MOVE = YES;
				CLANG_WARN_UNGUARDED_AVAILABILITY = YES_AGGRESSIVE;
				CLANG_WARN_UNREACHABLE_CODE = YES;
				CLANG_WARN__DUPLICATE_METHOD_MATCH = YES;
				COPY_PHASE_STRIP = NO;
				DEBUG_INFORMATION_FORMAT = "dwarf-with-dsym";
				ENABLE_NS_ASSERTIONS = NO;
				ENABLE_STRICT_OBJC_MSGSEND = YES;
				GCC_C_LANGUAGE_STANDARD = gnu11;
				GCC_NO_COMMON_BLOCKS = YES;
				GCC_WARN_64_TO_32_BIT_CONVERSION = YES;
				GCC_WARN_ABOUT_RETURN_TYPE = YES_ERROR;
				GCC_WARN_UNDECLARED_SELECTOR = YES;
				GCC_WARN_UNINITIALIZED_AUTOS = YES_AGGRESSIVE;
				GCC_WARN_UNUSED_FUNCTION = YES;
				GCC_WARN_UNUSED_VARIABLE = YES;
				IPHONEOS_DEPLOYMENT_TARGET = 16.2;
				MTL_ENABLE_DEBUG_INFO = NO;
				MTL_FAST_MATH = YES;
				SDKROOT = iphoneos;
				SWIFT_COMPILATION_MODE = wholemodule;
				SWIFT_OPTIMIZATION_LEVEL = "-O";
				VALIDATE_PRODUCT = YES;
			};
			name = Release;
		};
		7DE23ECE297D5EE400355F01 /* Debug */ = {
			isa = XCBuildConfiguration;
			buildSettings = {
				ASSETCATALOG_COMPILER_APPICON_NAME = AppIcon;
				ASSETCATALOG_COMPILER_GLOBAL_ACCENT_COLOR_NAME = AccentColor;
				CODE_SIGN_STYLE = Automatic;
				CURRENT_PROJECT_VERSION = 1;
				DEVELOPMENT_ASSET_PATHS = "\"ExpensesRealm/Preview Content\"";
				DEVELOPMENT_TEAM = F6DD9R57FP;
				ENABLE_PREVIEWS = YES;
				GENERATE_INFOPLIST_FILE = YES;
				INFOPLIST_KEY_UIApplicationSceneManifest_Generation = YES;
				INFOPLIST_KEY_UIApplicationSupportsIndirectInputEvents = YES;
				INFOPLIST_KEY_UILaunchScreen_Generation = YES;
				INFOPLIST_KEY_UISupportedInterfaceOrientations_iPad = "UIInterfaceOrientationPortrait UIInterfaceOrientationPortraitUpsideDown UIInterfaceOrientationLandscapeLeft UIInterfaceOrientationLandscapeRight";
				INFOPLIST_KEY_UISupportedInterfaceOrientations_iPhone = "UIInterfaceOrientationPortrait UIInterfaceOrientationLandscapeLeft UIInterfaceOrientationLandscapeRight";
				LD_RUNPATH_SEARCH_PATHS = (
					"$(inherited)",
					"@executable_path/Frameworks",
				);
				MARKETING_VERSION = 1.0;
				PRODUCT_BUNDLE_IDENTIFIER = com.atakankmrc.ExpensesRealm;
				PRODUCT_NAME = "$(TARGET_NAME)";
				SWIFT_EMIT_LOC_STRINGS = YES;
				SWIFT_VERSION = 5.0;
				TARGETED_DEVICE_FAMILY = "1,2";
			};
			name = Debug;
		};
		7DE23ECF297D5EE400355F01 /* Release */ = {
			isa = XCBuildConfiguration;
			buildSettings = {
				ASSETCATALOG_COMPILER_APPICON_NAME = AppIcon;
				ASSETCATALOG_COMPILER_GLOBAL_ACCENT_COLOR_NAME = AccentColor;
				CODE_SIGN_STYLE = Automatic;
				CURRENT_PROJECT_VERSION = 1;
				DEVELOPMENT_ASSET_PATHS = "\"ExpensesRealm/Preview Content\"";
				DEVELOPMENT_TEAM = F6DD9R57FP;
				ENABLE_PREVIEWS = YES;
				GENERATE_INFOPLIST_FILE = YES;
				INFOPLIST_KEY_UIApplicationSceneManifest_Generation = YES;
				INFOPLIST_KEY_UIApplicationSupportsIndirectInputEvents = YES;
				INFOPLIST_KEY_UILaunchScreen_Generation = YES;
				INFOPLIST_KEY_UISupportedInterfaceOrientations_iPad = "UIInterfaceOrientationPortrait UIInterfaceOrientationPortraitUpsideDown UIInterfaceOrientationLandscapeLeft UIInterfaceOrientationLandscapeRight";
				INFOPLIST_KEY_UISupportedInterfaceOrientations_iPhone = "UIInterfaceOrientationPortrait UIInterfaceOrientationLandscapeLeft UIInterfaceOrientationLandscapeRight";
				LD_RUNPATH_SEARCH_PATHS = (
					"$(inherited)",
					"@executable_path/Frameworks",
				);
				MARKETING_VERSION = 1.0;
				PRODUCT_BUNDLE_IDENTIFIER = com.atakankmrc.ExpensesRealm;
				PRODUCT_NAME = "$(TARGET_NAME)";
				SWIFT_EMIT_LOC_STRINGS = YES;
				SWIFT_VERSION = 5.0;
				TARGETED_DEVICE_FAMILY = "1,2";
			};
			name = Release;
		};
/* End XCBuildConfiguration section */

/* Begin XCConfigurationList section */
		7DE23EBA297D5EE100355F01 /* Build configuration list for PBXProject "ExpensesRealm" */ = {
			isa = XCConfigurationList;
			buildConfigurations = (
				7DE23ECB297D5EE400355F01 /* Debug */,
				7DE23ECC297D5EE400355F01 /* Release */,
			);
			defaultConfigurationIsVisible = 0;
			defaultConfigurationName = Release;
		};
		7DE23ECD297D5EE400355F01 /* Build configuration list for PBXNativeTarget "ExpensesRealm" */ = {
			isa = XCConfigurationList;
			buildConfigurations = (
				7DE23ECE297D5EE400355F01 /* Debug */,
				7DE23ECF297D5EE400355F01 /* Release */,
			);
			defaultConfigurationIsVisible = 0;
			defaultConfigurationName = Release;
		};
/* End XCConfigurationList section */

/* Begin XCRemoteSwiftPackageReference section */
		7DE23ED3297D5F5D00355F01 /* XCRemoteSwiftPackageReference "realm-swift" */ = {
			isa = XCRemoteSwiftPackageReference;
			repositoryURL = "https://github.com/realm/realm-swift";
			requirement = {
				branch = master;
				kind = branch;
			};
		};
/* End XCRemoteSwiftPackageReference section */

/* Begin XCSwiftPackageProductDependency section */
		7DE23ED4297D5F5D00355F01 /* Realm */ = {
			isa = XCSwiftPackageProductDependency;
			package = 7DE23ED3297D5F5D00355F01 /* XCRemoteSwiftPackageReference "realm-swift" */;
			productName = Realm;
		};
		7DE23ED6297D5F5D00355F01 /* RealmSwift */ = {
			isa = XCSwiftPackageProductDependency;
			package = 7DE23ED3297D5F5D00355F01 /* XCRemoteSwiftPackageReference "realm-swift" */;
			productName = RealmSwift;
		};
/* End XCSwiftPackageProductDependency section */
	};
	rootObject = 7DE23EB7297D5EE100355F01 /* Project object */;
}
